
Microsoft Visual Studio Solution File, Format Version 12.00
# Visual Studio Version 17
VisualStudioVersion = 17.10.34928.147
MinimumVisualStudioVersion = 10.0.40219.1
Project("{FAE04EC0-301F-11D3-BF4B-00C04F79EFBC}") = "GestionDeVehiculos", "DiagramaDeClases\GestionDeVehiculos.csproj", "{B6178915-4A30-4032-A6E2-A89ABAA4F8E4}"
EndProject
Project("{FAE04EC0-301F-11D3-BF4B-00C04F79EFBC}") = "CursosDeUniversidad", "CursosDeUniversidad\CursosDeUniversidad.csproj", "{D61788D6-205B-4BBC-9DA2-880117D96C88}"
EndProject
Project("{FAE04EC0-301F-11D3-BF4B-00C04F79EFBC}") = "GestionTiendaEnLinea", "GestionTiendaEnLinea\GestionTiendaEnLinea.csproj", "{B14EE0C1-1C60-487E-B017-6AFA2CBB2DA1}"
EndProject
Global
	GlobalSection(SolutionConfigurationPlatforms) = preSolution
		Debug|Any CPU = Debug|Any CPU
		Release|Any CPU = Release|Any CPU
	EndGlobalSection
	GlobalSection(ProjectConfigurationPlatforms) = postSolution
		{B6178915-4A30-4032-A6E2-A89ABAA4F8E4}.Debug|Any CPU.ActiveCfg = Debug|Any CPU
		{B6178915-4A30-4032-A6E2-A89ABAA4F8E4}.Debug|Any CPU.Build.0 = Debug|Any CPU
		{B6178915-4A30-4032-A6E2-A89ABAA4F8E4}.Release|Any CPU.ActiveCfg = Release|Any CPU
		{B6178915-4A30-4032-A6E2-A89ABAA4F8E4}.Release|Any CPU.Build.0 = Release|Any CPU
		{D61788D6-205B-4BBC-9DA2-880117D96C88}.Debug|Any CPU.ActiveCfg = Debug|Any CPU
		{D61788D6-205B-4BBC-9DA2-880117D96C88}.Debug|Any CPU.Build.0 = Debug|Any CPU
		{D61788D6-205B-4BBC-9DA2-880117D96C88}.Release|Any CPU.ActiveCfg = Release|Any CPU
		{D61788D6-205B-4BBC-9DA2-880117D96C88}.Release|Any CPU.Build.0 = Release|Any CPU
		{B14EE0C1-1C60-487E-B017-6AFA2CBB2DA1}.Debug|Any CPU.ActiveCfg = Debug|Any CPU
		{B14EE0C1-1C60-487E-B017-6AFA2CBB2DA1}.Debug|Any CPU.Build.0 = Debug|Any CPU
		{B14EE0C1-1C60-487E-B017-6AFA2CBB2DA1}.Release|Any CPU.ActiveCfg = Release|Any CPU
		{B14EE0C1-1C60-487E-B017-6AFA2CBB2DA1}.Release|Any CPU.Build.0 = Release|Any CPU
	EndGlobalSection
	GlobalSection(SolutionProperties) = preSolution
		HideSolutionNode = FALSE
	EndGlobalSection
	GlobalSection(ExtensibilityGlobals) = postSolution
		SolutionGuid = {2BE7B79D-1A0A-4485-BD36-20E3BDD2F717}
	EndGlobalSection
EndGlobal
